// !$*UTF8*$!
{
	archiveVersion = 1;
	classes = {
	};
	objectVersion = 50;
	objects = {

/* Begin PBXBuildFile section */
		5BA56391260A6838003FE5B8 /* DateExtension.swift in Sources */ = {isa = PBXBuildFile; fileRef = 5BA56390260A6838003FE5B8 /* DateExtension.swift */; };
		5BA56394260A9B70003FE5B8 /* DateFormatterExtension.swift in Sources */ = {isa = PBXBuildFile; fileRef = 5BA56393260A9B6F003FE5B8 /* DateFormatterExtension.swift */; };
		5BA56398260A9BC1003FE5B8 /* Comment.swift in Sources */ = {isa = PBXBuildFile; fileRef = 5BA56397260A9BC1003FE5B8 /* Comment.swift */; };
		5BA563A0260AA1A0003FE5B8 /* CommentTableViewCell.swift in Sources */ = {isa = PBXBuildFile; fileRef = 5BA5639E260AA1A0003FE5B8 /* CommentTableViewCell.swift */; };
		5BA563A1260AA1A0003FE5B8 /* CommentTableViewCell.xib in Resources */ = {isa = PBXBuildFile; fileRef = 5BA5639F260AA1A0003FE5B8 /* CommentTableViewCell.xib */; };
		5BA563A9260AB825003FE5B8 /* LoadingView.xib in Resources */ = {isa = PBXBuildFile; fileRef = 5BA563A8260AB825003FE5B8 /* LoadingView.xib */; };
		5BA563AC260AB838003FE5B8 /* LoadingView.swift in Sources */ = {isa = PBXBuildFile; fileRef = 5BA563AB260AB838003FE5B8 /* LoadingView.swift */; };
		5BA563B6260AC2EA003FE5B8 /* CommentViewController.swift in Sources */ = {isa = PBXBuildFile; fileRef = 5BA563B4260AC2EA003FE5B8 /* CommentViewController.swift */; };
		5BA563B7260AC2EA003FE5B8 /* CommentViewController.xib in Resources */ = {isa = PBXBuildFile; fileRef = 5BA563B5260AC2EA003FE5B8 /* CommentViewController.xib */; };
		5BA563BB260AC2F6003FE5B8 /* CommentContract.swift in Sources */ = {isa = PBXBuildFile; fileRef = 5BA563BA260AC2F6003FE5B8 /* CommentContract.swift */; };
		5BA563BE260AC302003FE5B8 /* CommentRouter.swift in Sources */ = {isa = PBXBuildFile; fileRef = 5BA563BD260AC302003FE5B8 /* CommentRouter.swift */; };
		5BA563C1260AC30A003FE5B8 /* CommentPresenter.swift in Sources */ = {isa = PBXBuildFile; fileRef = 5BA563C0260AC30A003FE5B8 /* CommentPresenter.swift */; };
		5BA563C4260AC313003FE5B8 /* CommentInteractor.swift in Sources */ = {isa = PBXBuildFile; fileRef = 5BA563C3260AC313003FE5B8 /* CommentInteractor.swift */; };
		5BDE3C39260B99B000248162 /* AccessoryButton.swift in Sources */ = {isa = PBXBuildFile; fileRef = 5BDE3C37260B99B000248162 /* AccessoryButton.swift */; };
		5BDE3C3A260B99B000248162 /* AccessoryButton.xib in Resources */ = {isa = PBXBuildFile; fileRef = 5BDE3C38260B99B000248162 /* AccessoryButton.xib */; };
		5BDE3C40260B9A8200248162 /* LoadingButton.swift in Sources */ = {isa = PBXBuildFile; fileRef = 5BDE3C3F260B9A8200248162 /* LoadingButton.swift */; };
		5BEF99AC26093E39002F4E5D /* AppDelegate.swift in Sources */ = {isa = PBXBuildFile; fileRef = 5BEF99AB26093E39002F4E5D /* AppDelegate.swift */; };
		5BEF99B526093E40002F4E5D /* Assets.xcassets in Resources */ = {isa = PBXBuildFile; fileRef = 5BEF99B426093E40002F4E5D /* Assets.xcassets */; };
		5BEF99B826093E40002F4E5D /* LaunchScreen.storyboard in Resources */ = {isa = PBXBuildFile; fileRef = 5BEF99B626093E40002F4E5D /* LaunchScreen.storyboard */; };
		5BEF9A6D26094E13002F4E5D /* CameraViewController.swift in Sources */ = {isa = PBXBuildFile; fileRef = 5BEF9A6B26094E13002F4E5D /* CameraViewController.swift */; };
		5BEF9A6E26094E13002F4E5D /* CameraViewController.xib in Resources */ = {isa = PBXBuildFile; fileRef = 5BEF9A6C26094E13002F4E5D /* CameraViewController.xib */; };
		5BEF9A9026096142002F4E5D /* GistAPI.swift in Sources */ = {isa = PBXBuildFile; fileRef = 5BEF9A8F26096142002F4E5D /* GistAPI.swift */; };
		5BEF9A95260967B1002F4E5D /* Gist.swift in Sources */ = {isa = PBXBuildFile; fileRef = 5BEF9A94260967B1002F4E5D /* Gist.swift */; };
		5BEF9A9F26097134002F4E5D /* Localizable.strings in Resources */ = {isa = PBXBuildFile; fileRef = 5BEF9AA126097134002F4E5D /* Localizable.strings */; };
		5BEF9AA82609716A002F4E5D /* StringExtension.swift in Sources */ = {isa = PBXBuildFile; fileRef = 5BEF9AA72609716A002F4E5D /* StringExtension.swift */; };
		5BEF9AAD260972F8002F4E5D /* GistListViewController.swift in Sources */ = {isa = PBXBuildFile; fileRef = 5BEF9AAB260972F8002F4E5D /* GistListViewController.swift */; };
		5BEF9AAE260972F8002F4E5D /* GistListViewController.xib in Resources */ = {isa = PBXBuildFile; fileRef = 5BEF9AAC260972F8002F4E5D /* GistListViewController.xib */; };
		5BEF9AB826097552002F4E5D /* GistTableViewCell.swift in Sources */ = {isa = PBXBuildFile; fileRef = 5BEF9AB626097552002F4E5D /* GistTableViewCell.swift */; };
		5BEF9ABD26097736002F4E5D /* UIRoundedButton.swift in Sources */ = {isa = PBXBuildFile; fileRef = 5BEF9ABC26097736002F4E5D /* UIRoundedButton.swift */; };
		5BEF9AC026097774002F4E5D /* UIViewExtension.swift in Sources */ = {isa = PBXBuildFile; fileRef = 5BEF9ABF26097774002F4E5D /* UIViewExtension.swift */; };
		5BEF9AC426097993002F4E5D /* GistListInteractor.swift in Sources */ = {isa = PBXBuildFile; fileRef = 5BEF9AC326097993002F4E5D /* GistListInteractor.swift */; };
		5BEF9AC72609799C002F4E5D /* GistListPresenter.swift in Sources */ = {isa = PBXBuildFile; fileRef = 5BEF9AC62609799C002F4E5D /* GistListPresenter.swift */; };
		5BEF9ACA260979A4002F4E5D /* GistListRouter.swift in Sources */ = {isa = PBXBuildFile; fileRef = 5BEF9AC9260979A4002F4E5D /* GistListRouter.swift */; };
		5BEF9ACD260979B0002F4E5D /* GistListContract.swift in Sources */ = {isa = PBXBuildFile; fileRef = 5BEF9ACC260979B0002F4E5D /* GistListContract.swift */; };
		5BEF9D88260A3F09002F4E5D /* GistTableViewCell.xib in Resources */ = {isa = PBXBuildFile; fileRef = 5BEF9D87260A3F09002F4E5D /* GistTableViewCell.xib */; };
		5BEF9D8B260A4774002F4E5D /* User.swift in Sources */ = {isa = PBXBuildFile; fileRef = 5BEF9D8A260A4774002F4E5D /* User.swift */; };
		5BEF9D8E260A496D002F4E5D /* UIImageViewExtension.swift in Sources */ = {isa = PBXBuildFile; fileRef = 5BEF9D8D260A496D002F4E5D /* UIImageViewExtension.swift */; };
		5BEF9D97260A4B91002F4E5D /* GistDetailContract.swift in Sources */ = {isa = PBXBuildFile; fileRef = 5BEF9D96260A4B91002F4E5D /* GistDetailContract.swift */; };
		5BEF9D9A260A4B99002F4E5D /* GistDetailRouter.swift in Sources */ = {isa = PBXBuildFile; fileRef = 5BEF9D99260A4B99002F4E5D /* GistDetailRouter.swift */; };
		5BEF9D9D260A4BA5002F4E5D /* GistDetailPresenter.swift in Sources */ = {isa = PBXBuildFile; fileRef = 5BEF9D9C260A4BA5002F4E5D /* GistDetailPresenter.swift */; };
		5BEF9DA0260A4BB0002F4E5D /* GistDetailInteractor.swift in Sources */ = {isa = PBXBuildFile; fileRef = 5BEF9D9F260A4BB0002F4E5D /* GistDetailInteractor.swift */; };
		5BEF9DA4260A4BC3002F4E5D /* GistDetailViewController.swift in Sources */ = {isa = PBXBuildFile; fileRef = 5BEF9DA2260A4BC3002F4E5D /* GistDetailViewController.swift */; };
		5BEF9DA5260A4BC3002F4E5D /* GistDetailViewController.xib in Resources */ = {isa = PBXBuildFile; fileRef = 5BEF9DA3260A4BC3002F4E5D /* GistDetailViewController.xib */; };
		5BFCDCC7260BB9DB00E376D3 /* LoginContract.swift in Sources */ = {isa = PBXBuildFile; fileRef = 5BFCDCC6260BB9DB00E376D3 /* LoginContract.swift */; };
		5BFCDCCC260BBA5B00E376D3 /* LoginViewController.swift in Sources */ = {isa = PBXBuildFile; fileRef = 5BFCDCCA260BBA5B00E376D3 /* LoginViewController.swift */; };
		5BFCDCCD260BBA5B00E376D3 /* LoginViewController.xib in Resources */ = {isa = PBXBuildFile; fileRef = 5BFCDCCB260BBA5B00E376D3 /* LoginViewController.xib */; };
		5BFCDCD0260BBB0900E376D3 /* LoginInteractor.swift in Sources */ = {isa = PBXBuildFile; fileRef = 5BFCDCCF260BBB0900E376D3 /* LoginInteractor.swift */; };
		5BFCDCD3260BBB1300E376D3 /* LoginPresenter.swift in Sources */ = {isa = PBXBuildFile; fileRef = 5BFCDCD2260BBB1300E376D3 /* LoginPresenter.swift */; };
		5BFCDCD6260BBB1B00E376D3 /* LoginRouter.swift in Sources */ = {isa = PBXBuildFile; fileRef = 5BFCDCD5260BBB1B00E376D3 /* LoginRouter.swift */; };
		5BFCDD8F260BCA1200E376D3 /* UIAcessoryTextField.swift in Sources */ = {isa = PBXBuildFile; fileRef = 5BFCDD8E260BCA1200E376D3 /* UIAcessoryTextField.swift */; };
/* End PBXBuildFile section */

/* Begin PBXFileReference section */
		5BA56390260A6838003FE5B8 /* DateExtension.swift */ = {isa = PBXFileReference; lastKnownFileType = sourcecode.swift; path = DateExtension.swift; sourceTree = "<group>"; };
		5BA56393260A9B6F003FE5B8 /* DateFormatterExtension.swift */ = {isa = PBXFileReference; lastKnownFileType = sourcecode.swift; path = DateFormatterExtension.swift; sourceTree = "<group>"; };
		5BA56397260A9BC1003FE5B8 /* Comment.swift */ = {isa = PBXFileReference; lastKnownFileType = sourcecode.swift; path = Comment.swift; sourceTree = "<group>"; };
		5BA5639E260AA1A0003FE5B8 /* CommentTableViewCell.swift */ = {isa = PBXFileReference; lastKnownFileType = sourcecode.swift; path = CommentTableViewCell.swift; sourceTree = "<group>"; };
		5BA5639F260AA1A0003FE5B8 /* CommentTableViewCell.xib */ = {isa = PBXFileReference; lastKnownFileType = file.xib; path = CommentTableViewCell.xib; sourceTree = "<group>"; };
		5BA563A8260AB825003FE5B8 /* LoadingView.xib */ = {isa = PBXFileReference; lastKnownFileType = file.xib; path = LoadingView.xib; sourceTree = "<group>"; };
		5BA563AB260AB838003FE5B8 /* LoadingView.swift */ = {isa = PBXFileReference; lastKnownFileType = sourcecode.swift; path = LoadingView.swift; sourceTree = "<group>"; };
		5BA563B4260AC2EA003FE5B8 /* CommentViewController.swift */ = {isa = PBXFileReference; lastKnownFileType = sourcecode.swift; path = CommentViewController.swift; sourceTree = "<group>"; };
		5BA563B5260AC2EA003FE5B8 /* CommentViewController.xib */ = {isa = PBXFileReference; lastKnownFileType = file.xib; path = CommentViewController.xib; sourceTree = "<group>"; };
		5BA563BA260AC2F6003FE5B8 /* CommentContract.swift */ = {isa = PBXFileReference; lastKnownFileType = sourcecode.swift; path = CommentContract.swift; sourceTree = "<group>"; };
		5BA563BD260AC302003FE5B8 /* CommentRouter.swift */ = {isa = PBXFileReference; lastKnownFileType = sourcecode.swift; path = CommentRouter.swift; sourceTree = "<group>"; };
		5BA563C0260AC30A003FE5B8 /* CommentPresenter.swift */ = {isa = PBXFileReference; lastKnownFileType = sourcecode.swift; path = CommentPresenter.swift; sourceTree = "<group>"; };
		5BA563C3260AC313003FE5B8 /* CommentInteractor.swift */ = {isa = PBXFileReference; lastKnownFileType = sourcecode.swift; path = CommentInteractor.swift; sourceTree = "<group>"; };
		5BDE3C37260B99B000248162 /* AccessoryButton.swift */ = {isa = PBXFileReference; fileEncoding = 4; lastKnownFileType = sourcecode.swift; path = AccessoryButton.swift; sourceTree = "<group>"; };
		5BDE3C38260B99B000248162 /* AccessoryButton.xib */ = {isa = PBXFileReference; fileEncoding = 4; lastKnownFileType = file.xib; path = AccessoryButton.xib; sourceTree = "<group>"; };
		5BDE3C3F260B9A8200248162 /* LoadingButton.swift */ = {isa = PBXFileReference; fileEncoding = 4; lastKnownFileType = sourcecode.swift; path = LoadingButton.swift; sourceTree = "<group>"; };
		5BEF99A826093E39002F4E5D /* GistApp.app */ = {isa = PBXFileReference; explicitFileType = wrapper.application; includeInIndex = 0; path = GistApp.app; sourceTree = BUILT_PRODUCTS_DIR; };
		5BEF99AB26093E39002F4E5D /* AppDelegate.swift */ = {isa = PBXFileReference; lastKnownFileType = sourcecode.swift; path = AppDelegate.swift; sourceTree = "<group>"; };
		5BEF99B426093E40002F4E5D /* Assets.xcassets */ = {isa = PBXFileReference; lastKnownFileType = folder.assetcatalog; path = Assets.xcassets; sourceTree = "<group>"; };
		5BEF99B726093E40002F4E5D /* Base */ = {isa = PBXFileReference; lastKnownFileType = file.storyboard; name = Base; path = Base.lproj/LaunchScreen.storyboard; sourceTree = "<group>"; };
		5BEF99B926093E40002F4E5D /* Info.plist */ = {isa = PBXFileReference; lastKnownFileType = text.plist.xml; path = Info.plist; sourceTree = "<group>"; };
		5BEF9A6B26094E13002F4E5D /* CameraViewController.swift */ = {isa = PBXFileReference; lastKnownFileType = sourcecode.swift; path = CameraViewController.swift; sourceTree = "<group>"; };
		5BEF9A6C26094E13002F4E5D /* CameraViewController.xib */ = {isa = PBXFileReference; lastKnownFileType = file.xib; path = CameraViewController.xib; sourceTree = "<group>"; };
		5BEF9A8F26096142002F4E5D /* GistAPI.swift */ = {isa = PBXFileReference; lastKnownFileType = sourcecode.swift; path = GistAPI.swift; sourceTree = "<group>"; };
		5BEF9A94260967B1002F4E5D /* Gist.swift */ = {isa = PBXFileReference; lastKnownFileType = sourcecode.swift; path = Gist.swift; sourceTree = "<group>"; };
		5BEF9AA026097134002F4E5D /* en */ = {isa = PBXFileReference; lastKnownFileType = text.plist.strings; name = en; path = en.lproj/Localizable.strings; sourceTree = "<group>"; };
		5BEF9AA326097144002F4E5D /* pt-BR */ = {isa = PBXFileReference; lastKnownFileType = text.plist.strings; name = "pt-BR"; path = "pt-BR.lproj/LaunchScreen.strings"; sourceTree = "<group>"; };
		5BEF9AA426097144002F4E5D /* pt-BR */ = {isa = PBXFileReference; lastKnownFileType = text.plist.strings; name = "pt-BR"; path = "pt-BR.lproj/Localizable.strings"; sourceTree = "<group>"; };
		5BEF9AA72609716A002F4E5D /* StringExtension.swift */ = {isa = PBXFileReference; lastKnownFileType = sourcecode.swift; path = StringExtension.swift; sourceTree = "<group>"; };
		5BEF9AAB260972F8002F4E5D /* GistListViewController.swift */ = {isa = PBXFileReference; lastKnownFileType = sourcecode.swift; path = GistListViewController.swift; sourceTree = "<group>"; };
		5BEF9AAC260972F8002F4E5D /* GistListViewController.xib */ = {isa = PBXFileReference; lastKnownFileType = file.xib; path = GistListViewController.xib; sourceTree = "<group>"; };
		5BEF9AB626097552002F4E5D /* GistTableViewCell.swift */ = {isa = PBXFileReference; lastKnownFileType = sourcecode.swift; path = GistTableViewCell.swift; sourceTree = "<group>"; };
		5BEF9ABC26097736002F4E5D /* UIRoundedButton.swift */ = {isa = PBXFileReference; lastKnownFileType = sourcecode.swift; path = UIRoundedButton.swift; sourceTree = "<group>"; };
		5BEF9ABF26097774002F4E5D /* UIViewExtension.swift */ = {isa = PBXFileReference; lastKnownFileType = sourcecode.swift; path = UIViewExtension.swift; sourceTree = "<group>"; };
		5BEF9AC326097993002F4E5D /* GistListInteractor.swift */ = {isa = PBXFileReference; lastKnownFileType = sourcecode.swift; path = GistListInteractor.swift; sourceTree = "<group>"; };
		5BEF9AC62609799C002F4E5D /* GistListPresenter.swift */ = {isa = PBXFileReference; lastKnownFileType = sourcecode.swift; path = GistListPresenter.swift; sourceTree = "<group>"; };
		5BEF9AC9260979A4002F4E5D /* GistListRouter.swift */ = {isa = PBXFileReference; lastKnownFileType = sourcecode.swift; path = GistListRouter.swift; sourceTree = "<group>"; };
		5BEF9ACC260979B0002F4E5D /* GistListContract.swift */ = {isa = PBXFileReference; lastKnownFileType = sourcecode.swift; path = GistListContract.swift; sourceTree = "<group>"; };
		5BEF9D87260A3F09002F4E5D /* GistTableViewCell.xib */ = {isa = PBXFileReference; fileEncoding = 4; lastKnownFileType = file.xib; path = GistTableViewCell.xib; sourceTree = "<group>"; };
		5BEF9D8A260A4774002F4E5D /* User.swift */ = {isa = PBXFileReference; lastKnownFileType = sourcecode.swift; path = User.swift; sourceTree = "<group>"; };
		5BEF9D8D260A496D002F4E5D /* UIImageViewExtension.swift */ = {isa = PBXFileReference; lastKnownFileType = sourcecode.swift; path = UIImageViewExtension.swift; sourceTree = "<group>"; };
		5BEF9D96260A4B91002F4E5D /* GistDetailContract.swift */ = {isa = PBXFileReference; lastKnownFileType = sourcecode.swift; path = GistDetailContract.swift; sourceTree = "<group>"; };
		5BEF9D99260A4B99002F4E5D /* GistDetailRouter.swift */ = {isa = PBXFileReference; lastKnownFileType = sourcecode.swift; path = GistDetailRouter.swift; sourceTree = "<group>"; };
		5BEF9D9C260A4BA5002F4E5D /* GistDetailPresenter.swift */ = {isa = PBXFileReference; lastKnownFileType = sourcecode.swift; path = GistDetailPresenter.swift; sourceTree = "<group>"; };
		5BEF9D9F260A4BB0002F4E5D /* GistDetailInteractor.swift */ = {isa = PBXFileReference; lastKnownFileType = sourcecode.swift; path = GistDetailInteractor.swift; sourceTree = "<group>"; };
		5BEF9DA2260A4BC3002F4E5D /* GistDetailViewController.swift */ = {isa = PBXFileReference; lastKnownFileType = sourcecode.swift; path = GistDetailViewController.swift; sourceTree = "<group>"; };
		5BEF9DA3260A4BC3002F4E5D /* GistDetailViewController.xib */ = {isa = PBXFileReference; lastKnownFileType = file.xib; path = GistDetailViewController.xib; sourceTree = "<group>"; };
		5BFCDCC6260BB9DB00E376D3 /* LoginContract.swift */ = {isa = PBXFileReference; lastKnownFileType = sourcecode.swift; path = LoginContract.swift; sourceTree = "<group>"; };
		5BFCDCCA260BBA5B00E376D3 /* LoginViewController.swift */ = {isa = PBXFileReference; lastKnownFileType = sourcecode.swift; path = LoginViewController.swift; sourceTree = "<group>"; };
		5BFCDCCB260BBA5B00E376D3 /* LoginViewController.xib */ = {isa = PBXFileReference; lastKnownFileType = file.xib; path = LoginViewController.xib; sourceTree = "<group>"; };
		5BFCDCCF260BBB0900E376D3 /* LoginInteractor.swift */ = {isa = PBXFileReference; lastKnownFileType = sourcecode.swift; path = LoginInteractor.swift; sourceTree = "<group>"; };
		5BFCDCD2260BBB1300E376D3 /* LoginPresenter.swift */ = {isa = PBXFileReference; lastKnownFileType = sourcecode.swift; path = LoginPresenter.swift; sourceTree = "<group>"; };
		5BFCDCD5260BBB1B00E376D3 /* LoginRouter.swift */ = {isa = PBXFileReference; lastKnownFileType = sourcecode.swift; path = LoginRouter.swift; sourceTree = "<group>"; };
		5BFCDD8E260BCA1200E376D3 /* UIAcessoryTextField.swift */ = {isa = PBXFileReference; lastKnownFileType = sourcecode.swift; path = UIAcessoryTextField.swift; sourceTree = "<group>"; };
/* End PBXFileReference section */

/* Begin PBXFrameworksBuildPhase section */
		5BEF99A526093E39002F4E5D /* Frameworks */ = {
			isa = PBXFrameworksBuildPhase;
			buildActionMask = 2147483647;
			files = (
			);
			runOnlyForDeploymentPostprocessing = 0;
		};
/* End PBXFrameworksBuildPhase section */

/* Begin PBXGroup section */
		5BA5639D260AA185003FE5B8 /* TableView */ = {
			isa = PBXGroup;
			children = (
				5BA5639E260AA1A0003FE5B8 /* CommentTableViewCell.swift */,
				5BA5639F260AA1A0003FE5B8 /* CommentTableViewCell.xib */,
			);
			path = TableView;
			sourceTree = "<group>";
		};
		5BA563A7260AB80C003FE5B8 /* CustomView */ = {
			isa = PBXGroup;
			children = (
				5BDE3C3D260B99B800248162 /* AccessoryButton */,
				5BDE3C3C260B99B300248162 /* LoadingView */,
				5BFCDD8E260BCA1200E376D3 /* UIAcessoryTextField.swift */,
			);
			path = CustomView;
			sourceTree = "<group>";
		};
		5BA563AE260AC2B9003FE5B8 /* Comment */ = {
			isa = PBXGroup;
			children = (
				5BA563B3260AC2D8003FE5B8 /* View */,
				5BA563B2260AC2D1003FE5B8 /* Interactor */,
				5BA563B1260AC2CC003FE5B8 /* Presenter */,
				5BA563B0260AC2C9003FE5B8 /* Router */,
				5BA563AF260AC2C0003FE5B8 /* Contract */,
			);
			path = Comment;
			sourceTree = "<group>";
		};
		5BA563AF260AC2C0003FE5B8 /* Contract */ = {
			isa = PBXGroup;
			children = (
				5BA563BA260AC2F6003FE5B8 /* CommentContract.swift */,
			);
			path = Contract;
			sourceTree = "<group>";
		};
		5BA563B0260AC2C9003FE5B8 /* Router */ = {
			isa = PBXGroup;
			children = (
				5BA563BD260AC302003FE5B8 /* CommentRouter.swift */,
			);
			path = Router;
			sourceTree = "<group>";
		};
		5BA563B1260AC2CC003FE5B8 /* Presenter */ = {
			isa = PBXGroup;
			children = (
				5BA563C0260AC30A003FE5B8 /* CommentPresenter.swift */,
			);
			path = Presenter;
			sourceTree = "<group>";
		};
		5BA563B2260AC2D1003FE5B8 /* Interactor */ = {
			isa = PBXGroup;
			children = (
				5BA563C3260AC313003FE5B8 /* CommentInteractor.swift */,
			);
			path = Interactor;
			sourceTree = "<group>";
		};
		5BA563B3260AC2D8003FE5B8 /* View */ = {
			isa = PBXGroup;
			children = (
				5BA563B4260AC2EA003FE5B8 /* CommentViewController.swift */,
				5BA563B5260AC2EA003FE5B8 /* CommentViewController.xib */,
			);
			path = View;
			sourceTree = "<group>";
		};
		5BDE3C3C260B99B300248162 /* LoadingView */ = {
			isa = PBXGroup;
			children = (
				5BA563A8260AB825003FE5B8 /* LoadingView.xib */,
				5BA563AB260AB838003FE5B8 /* LoadingView.swift */,
			);
			path = LoadingView;
			sourceTree = "<group>";
		};
		5BDE3C3D260B99B800248162 /* AccessoryButton */ = {
			isa = PBXGroup;
			children = (
				5BDE3C3F260B9A8200248162 /* LoadingButton.swift */,
				5BDE3C37260B99B000248162 /* AccessoryButton.swift */,
				5BDE3C38260B99B000248162 /* AccessoryButton.xib */,
			);
			path = AccessoryButton;
			sourceTree = "<group>";
		};
		5BEF999F26093E39002F4E5D = {
			isa = PBXGroup;
			children = (
				5BEF99AA26093E39002F4E5D /* GistApp */,
				5BEF99A926093E39002F4E5D /* Products */,
			);
			sourceTree = "<group>";
		};
		5BEF99A926093E39002F4E5D /* Products */ = {
			isa = PBXGroup;
			children = (
				5BEF99A826093E39002F4E5D /* GistApp.app */,
			);
			name = Products;
			sourceTree = "<group>";
		};
		5BEF99AA26093E39002F4E5D /* GistApp */ = {
			isa = PBXGroup;
			children = (
				5BEF99AB26093E39002F4E5D /* AppDelegate.swift */,
				5BEF9A8E26096137002F4E5D /* Network */,
				5BEF9A93260967A8002F4E5D /* Model */,
				5BFCDCC0260BB9A200E376D3 /* Login */,
				5BEF99C726094DE0002F4E5D /* Camera */,
				5BEF9AAA260972E4002F4E5D /* List */,
				5BEF9D90260A4B60002F4E5D /* Detail */,
				5BA563AE260AC2B9003FE5B8 /* Comment */,
				5BA563A7260AB80C003FE5B8 /* CustomView */,
				5BEF9AA62609715D002F4E5D /* Extensions */,
				5BEF9A9A260970AB002F4E5D /* Resources */,
			);
			path = GistApp;
			sourceTree = "<group>";
		};
		5BEF99C726094DE0002F4E5D /* Camera */ = {
			isa = PBXGroup;
			children = (
				5BEF9A6B26094E13002F4E5D /* CameraViewController.swift */,
				5BEF9A6C26094E13002F4E5D /* CameraViewController.xib */,
			);
			path = Camera;
			sourceTree = "<group>";
		};
		5BEF9A8E26096137002F4E5D /* Network */ = {
			isa = PBXGroup;
			children = (
				5BEF9A8F26096142002F4E5D /* GistAPI.swift */,
			);
			path = Network;
			sourceTree = "<group>";
		};
		5BEF9A93260967A8002F4E5D /* Model */ = {
			isa = PBXGroup;
			children = (
				5BEF9A94260967B1002F4E5D /* Gist.swift */,
				5BEF9D8A260A4774002F4E5D /* User.swift */,
				5BA56397260A9BC1003FE5B8 /* Comment.swift */,
			);
			path = Model;
			sourceTree = "<group>";
		};
		5BEF9A9A260970AB002F4E5D /* Resources */ = {
			isa = PBXGroup;
			children = (
				5BEF99B926093E40002F4E5D /* Info.plist */,
				5BEF9AA126097134002F4E5D /* Localizable.strings */,
				5BEF99B426093E40002F4E5D /* Assets.xcassets */,
				5BEF99B626093E40002F4E5D /* LaunchScreen.storyboard */,
			);
			path = Resources;
			sourceTree = "<group>";
		};
		5BEF9AA62609715D002F4E5D /* Extensions */ = {
			isa = PBXGroup;
			children = (
				5BEF9AA72609716A002F4E5D /* StringExtension.swift */,
				5BEF9ABC26097736002F4E5D /* UIRoundedButton.swift */,
				5BEF9ABF26097774002F4E5D /* UIViewExtension.swift */,
				5BEF9D8D260A496D002F4E5D /* UIImageViewExtension.swift */,
				5BA56390260A6838003FE5B8 /* DateExtension.swift */,
				5BA56393260A9B6F003FE5B8 /* DateFormatterExtension.swift */,
			);
			path = Extensions;
			sourceTree = "<group>";
		};
		5BEF9AAA260972E4002F4E5D /* List */ = {
			isa = PBXGroup;
			children = (
				5BEF9AB4260973E3002F4E5D /* View */,
				5BEF9AB3260973DE002F4E5D /* Interactor */,
				5BEF9AB2260973D9002F4E5D /* Presenter */,
				5BEF9AB1260973D5002F4E5D /* Router */,
				5BEF9AB0260973CE002F4E5D /* Contract */,
			);
			path = List;
			sourceTree = "<group>";
		};
		5BEF9AB0260973CE002F4E5D /* Contract */ = {
			isa = PBXGroup;
			children = (
				5BEF9ACC260979B0002F4E5D /* GistListContract.swift */,
			);
			path = Contract;
			sourceTree = "<group>";
		};
		5BEF9AB1260973D5002F4E5D /* Router */ = {
			isa = PBXGroup;
			children = (
				5BEF9AC9260979A4002F4E5D /* GistListRouter.swift */,
			);
			path = Router;
			sourceTree = "<group>";
		};
		5BEF9AB2260973D9002F4E5D /* Presenter */ = {
			isa = PBXGroup;
			children = (
				5BEF9AC62609799C002F4E5D /* GistListPresenter.swift */,
			);
			path = Presenter;
			sourceTree = "<group>";
		};
		5BEF9AB3260973DE002F4E5D /* Interactor */ = {
			isa = PBXGroup;
			children = (
				5BEF9AC326097993002F4E5D /* GistListInteractor.swift */,
			);
			path = Interactor;
			sourceTree = "<group>";
		};
		5BEF9AB4260973E3002F4E5D /* View */ = {
			isa = PBXGroup;
			children = (
				5BEF9AAB260972F8002F4E5D /* GistListViewController.swift */,
				5BEF9AAC260972F8002F4E5D /* GistListViewController.xib */,
				5BEF9AB5260973EB002F4E5D /* TableView */,
			);
			path = View;
			sourceTree = "<group>";
		};
		5BEF9AB5260973EB002F4E5D /* TableView */ = {
			isa = PBXGroup;
			children = (
				5BEF9AB626097552002F4E5D /* GistTableViewCell.swift */,
				5BEF9D87260A3F09002F4E5D /* GistTableViewCell.xib */,
			);
			path = TableView;
			sourceTree = "<group>";
		};
		5BEF9D90260A4B60002F4E5D /* Detail */ = {
			isa = PBXGroup;
			children = (
				5BEF9D95260A4B82002F4E5D /* View */,
				5BEF9D94260A4B7C002F4E5D /* Interactor */,
				5BEF9D93260A4B73002F4E5D /* Presenter */,
				5BEF9D92260A4B6F002F4E5D /* Router */,
				5BEF9D91260A4B6A002F4E5D /* Contract */,
			);
			path = Detail;
			sourceTree = "<group>";
		};
		5BEF9D91260A4B6A002F4E5D /* Contract */ = {
			isa = PBXGroup;
			children = (
				5BEF9D96260A4B91002F4E5D /* GistDetailContract.swift */,
			);
			path = Contract;
			sourceTree = "<group>";
		};
		5BEF9D92260A4B6F002F4E5D /* Router */ = {
			isa = PBXGroup;
			children = (
				5BEF9D99260A4B99002F4E5D /* GistDetailRouter.swift */,
			);
			path = Router;
			sourceTree = "<group>";
		};
		5BEF9D93260A4B73002F4E5D /* Presenter */ = {
			isa = PBXGroup;
			children = (
				5BEF9D9C260A4BA5002F4E5D /* GistDetailPresenter.swift */,
			);
			path = Presenter;
			sourceTree = "<group>";
		};
		5BEF9D94260A4B7C002F4E5D /* Interactor */ = {
			isa = PBXGroup;
			children = (
				5BEF9D9F260A4BB0002F4E5D /* GistDetailInteractor.swift */,
			);
			path = Interactor;
			sourceTree = "<group>";
		};
		5BEF9D95260A4B82002F4E5D /* View */ = {
			isa = PBXGroup;
			children = (
				5BEF9DA2260A4BC3002F4E5D /* GistDetailViewController.swift */,
				5BEF9DA3260A4BC3002F4E5D /* GistDetailViewController.xib */,
				5BA5639D260AA185003FE5B8 /* TableView */,
			);
			path = View;
			sourceTree = "<group>";
		};
		5BFCDCC0260BB9A200E376D3 /* Login */ = {
			isa = PBXGroup;
			children = (
				5BFCDCC5260BB9CC00E376D3 /* View */,
				5BFCDCC4260BB9C500E376D3 /* Interactor */,
				5BFCDCC3260BB9C000E376D3 /* Presenter */,
				5BFCDCC2260BB9B400E376D3 /* Router */,
				5BFCDCC1260BB9AE00E376D3 /* Contract */,
			);
			path = Login;
			sourceTree = "<group>";
		};
		5BFCDCC1260BB9AE00E376D3 /* Contract */ = {
			isa = PBXGroup;
			children = (
				5BFCDCC6260BB9DB00E376D3 /* LoginContract.swift */,
			);
			path = Contract;
			sourceTree = "<group>";
		};
		5BFCDCC2260BB9B400E376D3 /* Router */ = {
			isa = PBXGroup;
			children = (
				5BFCDCD5260BBB1B00E376D3 /* LoginRouter.swift */,
			);
			path = Router;
			sourceTree = "<group>";
		};
		5BFCDCC3260BB9C000E376D3 /* Presenter */ = {
			isa = PBXGroup;
			children = (
				5BFCDCD2260BBB1300E376D3 /* LoginPresenter.swift */,
			);
			path = Presenter;
			sourceTree = "<group>";
		};
		5BFCDCC4260BB9C500E376D3 /* Interactor */ = {
			isa = PBXGroup;
			children = (
				5BFCDCCF260BBB0900E376D3 /* LoginInteractor.swift */,
			);
			path = Interactor;
			sourceTree = "<group>";
		};
		5BFCDCC5260BB9CC00E376D3 /* View */ = {
			isa = PBXGroup;
			children = (
				5BFCDCCA260BBA5B00E376D3 /* LoginViewController.swift */,
				5BFCDCCB260BBA5B00E376D3 /* LoginViewController.xib */,
			);
			path = View;
			sourceTree = "<group>";
		};
/* End PBXGroup section */

/* Begin PBXNativeTarget section */
		5BEF99A726093E39002F4E5D /* GistApp */ = {
			isa = PBXNativeTarget;
			buildConfigurationList = 5BEF99BC26093E40002F4E5D /* Build configuration list for PBXNativeTarget "GistApp" */;
			buildPhases = (
				5BEF99A426093E39002F4E5D /* Sources */,
				5BEF99A526093E39002F4E5D /* Frameworks */,
				5BEF99A626093E39002F4E5D /* Resources */,
			);
			buildRules = (
			);
			dependencies = (
			);
			name = GistApp;
			productName = GistApp;
			productReference = 5BEF99A826093E39002F4E5D /* GistApp.app */;
			productType = "com.apple.product-type.application";
		};
/* End PBXNativeTarget section */

/* Begin PBXProject section */
		5BEF99A026093E39002F4E5D /* Project object */ = {
			isa = PBXProject;
			attributes = {
				LastSwiftUpdateCheck = 1240;
				LastUpgradeCheck = 1240;
				TargetAttributes = {
					5BEF99A726093E39002F4E5D = {
						CreatedOnToolsVersion = 12.4;
					};
				};
			};
			buildConfigurationList = 5BEF99A326093E39002F4E5D /* Build configuration list for PBXProject "GistApp" */;
			compatibilityVersion = "Xcode 9.3";
			developmentRegion = en;
			hasScannedForEncodings = 0;
			knownRegions = (
				en,
				Base,
				"pt-BR",
			);
			mainGroup = 5BEF999F26093E39002F4E5D;
			productRefGroup = 5BEF99A926093E39002F4E5D /* Products */;
			projectDirPath = "";
			projectRoot = "";
			targets = (
				5BEF99A726093E39002F4E5D /* GistApp */,
			);
		};
/* End PBXProject section */

/* Begin PBXResourcesBuildPhase section */
		5BEF99A626093E39002F4E5D /* Resources */ = {
			isa = PBXResourcesBuildPhase;
			buildActionMask = 2147483647;
			files = (
				5BEF9A9F26097134002F4E5D /* Localizable.strings in Resources */,
				5BEF99B826093E40002F4E5D /* LaunchScreen.storyboard in Resources */,
				5BA563B7260AC2EA003FE5B8 /* CommentViewController.xib in Resources */,
				5BEF9A6E26094E13002F4E5D /* CameraViewController.xib in Resources */,
				5BEF9D88260A3F09002F4E5D /* GistTableViewCell.xib in Resources */,
				5BEF9AAE260972F8002F4E5D /* GistListViewController.xib in Resources */,
				5BEF9DA5260A4BC3002F4E5D /* GistDetailViewController.xib in Resources */,
				5BA563A9260AB825003FE5B8 /* LoadingView.xib in Resources */,
				5BFCDCCD260BBA5B00E376D3 /* LoginViewController.xib in Resources */,
				5BDE3C3A260B99B000248162 /* AccessoryButton.xib in Resources */,
				5BEF99B526093E40002F4E5D /* Assets.xcassets in Resources */,
				5BA563A1260AA1A0003FE5B8 /* CommentTableViewCell.xib in Resources */,
			);
			runOnlyForDeploymentPostprocessing = 0;
		};
/* End PBXResourcesBuildPhase section */

/* Begin PBXSourcesBuildPhase section */
		5BEF99A426093E39002F4E5D /* Sources */ = {
			isa = PBXSourcesBuildPhase;
			buildActionMask = 2147483647;
			files = (
				5BEF9DA4260A4BC3002F4E5D /* GistDetailViewController.swift in Sources */,
				5BA56398260A9BC1003FE5B8 /* Comment.swift in Sources */,
				5BA56391260A6838003FE5B8 /* DateExtension.swift in Sources */,
				5BA56394260A9B70003FE5B8 /* DateFormatterExtension.swift in Sources */,
				5BEF9AC026097774002F4E5D /* UIViewExtension.swift in Sources */,
				5BDE3C39260B99B000248162 /* AccessoryButton.swift in Sources */,
				5BDE3C40260B9A8200248162 /* LoadingButton.swift in Sources */,
				5BA563BB260AC2F6003FE5B8 /* CommentContract.swift in Sources */,
				5BFCDCD0260BBB0900E376D3 /* LoginInteractor.swift in Sources */,
				5BEF9AC72609799C002F4E5D /* GistListPresenter.swift in Sources */,
				5BEF9ACA260979A4002F4E5D /* GistListRouter.swift in Sources */,
				5BFCDD8F260BCA1200E376D3 /* UIAcessoryTextField.swift in Sources */,
				5BEF9A9026096142002F4E5D /* GistAPI.swift in Sources */,
				5BA563B6260AC2EA003FE5B8 /* CommentViewController.swift in Sources */,
				5BA563C4260AC313003FE5B8 /* CommentInteractor.swift in Sources */,
				5BFCDCD6260BBB1B00E376D3 /* LoginRouter.swift in Sources */,
				5BEF9ABD26097736002F4E5D /* UIRoundedButton.swift in Sources */,
				5BEF9AAD260972F8002F4E5D /* GistListViewController.swift in Sources */,
				5BA563AC260AB838003FE5B8 /* LoadingView.swift in Sources */,
				5BEF9D9A260A4B99002F4E5D /* GistDetailRouter.swift in Sources */,
				5BA563BE260AC302003FE5B8 /* CommentRouter.swift in Sources */,
				5BEF9AC426097993002F4E5D /* GistListInteractor.swift in Sources */,
				5BEF9A95260967B1002F4E5D /* Gist.swift in Sources */,
				5BA563C1260AC30A003FE5B8 /* CommentPresenter.swift in Sources */,
				5BEF9AA82609716A002F4E5D /* StringExtension.swift in Sources */,
				5BFCDCC7260BB9DB00E376D3 /* LoginContract.swift in Sources */,
				5BEF9AB826097552002F4E5D /* GistTableViewCell.swift in Sources */,
				5BEF9D97260A4B91002F4E5D /* GistDetailContract.swift in Sources */,
				5BEF9D9D260A4BA5002F4E5D /* GistDetailPresenter.swift in Sources */,
				5BEF9A6D26094E13002F4E5D /* CameraViewController.swift in Sources */,
				5BFCDCCC260BBA5B00E376D3 /* LoginViewController.swift in Sources */,
				5BEF9DA0260A4BB0002F4E5D /* GistDetailInteractor.swift in Sources */,
				5BA563A0260AA1A0003FE5B8 /* CommentTableViewCell.swift in Sources */,
				5BEF9ACD260979B0002F4E5D /* GistListContract.swift in Sources */,
				5BEF9D8B260A4774002F4E5D /* User.swift in Sources */,
				5BFCDCD3260BBB1300E376D3 /* LoginPresenter.swift in Sources */,
				5BEF9D8E260A496D002F4E5D /* UIImageViewExtension.swift in Sources */,
				5BEF99AC26093E39002F4E5D /* AppDelegate.swift in Sources */,
			);
			runOnlyForDeploymentPostprocessing = 0;
		};
/* End PBXSourcesBuildPhase section */

/* Begin PBXVariantGroup section */
		5BEF99B626093E40002F4E5D /* LaunchScreen.storyboard */ = {
			isa = PBXVariantGroup;
			children = (
				5BEF99B726093E40002F4E5D /* Base */,
				5BEF9AA326097144002F4E5D /* pt-BR */,
			);
			name = LaunchScreen.storyboard;
			sourceTree = "<group>";
		};
		5BEF9AA126097134002F4E5D /* Localizable.strings */ = {
			isa = PBXVariantGroup;
			children = (
				5BEF9AA026097134002F4E5D /* en */,
				5BEF9AA426097144002F4E5D /* pt-BR */,
			);
			name = Localizable.strings;
			sourceTree = "<group>";
		};
/* End PBXVariantGroup section */

/* Begin XCBuildConfiguration section */
		5BEF99BA26093E40002F4E5D /* Debug */ = {
			isa = XCBuildConfiguration;
			buildSettings = {
				ALWAYS_SEARCH_USER_PATHS = NO;
				CLANG_ANALYZER_LOCALIZABILITY_NONLOCALIZED = YES;
				CLANG_ANALYZER_NONNULL = YES;
				CLANG_ANALYZER_NUMBER_OBJECT_CONVERSION = YES_AGGRESSIVE;
				CLANG_CXX_LANGUAGE_STANDARD = "gnu++14";
				CLANG_CXX_LIBRARY = "libc++";
				CLANG_ENABLE_MODULES = YES;
				CLANG_ENABLE_OBJC_ARC = YES;
				CLANG_ENABLE_OBJC_WEAK = YES;
				CLANG_WARN_BLOCK_CAPTURE_AUTORELEASING = YES;
				CLANG_WARN_BOOL_CONVERSION = YES;
				CLANG_WARN_COMMA = YES;
				CLANG_WARN_CONSTANT_CONVERSION = YES;
				CLANG_WARN_DEPRECATED_OBJC_IMPLEMENTATIONS = YES;
				CLANG_WARN_DIRECT_OBJC_ISA_USAGE = YES_ERROR;
				CLANG_WARN_DOCUMENTATION_COMMENTS = YES;
				CLANG_WARN_EMPTY_BODY = YES;
				CLANG_WARN_ENUM_CONVERSION = YES;
				CLANG_WARN_INFINITE_RECURSION = YES;
				CLANG_WARN_INT_CONVERSION = YES;
				CLANG_WARN_NON_LITERAL_NULL_CONVERSION = YES;
				CLANG_WARN_OBJC_IMPLICIT_RETAIN_SELF = YES;
				CLANG_WARN_OBJC_LITERAL_CONVERSION = YES;
				CLANG_WARN_OBJC_ROOT_CLASS = YES_ERROR;
				CLANG_WARN_QUOTED_INCLUDE_IN_FRAMEWORK_HEADER = YES;
				CLANG_WARN_RANGE_LOOP_ANALYSIS = YES;
				CLANG_WARN_STRICT_PROTOTYPES = YES;
				CLANG_WARN_SUSPICIOUS_MOVE = YES;
				CLANG_WARN_UNGUARDED_AVAILABILITY = YES_AGGRESSIVE;
				CLANG_WARN_UNREACHABLE_CODE = YES;
				CLANG_WARN__DUPLICATE_METHOD_MATCH = YES;
				COPY_PHASE_STRIP = NO;
				DEBUG_INFORMATION_FORMAT = dwarf;
				ENABLE_STRICT_OBJC_MSGSEND = YES;
				ENABLE_TESTABILITY = YES;
				GCC_C_LANGUAGE_STANDARD = gnu11;
				GCC_DYNAMIC_NO_PIC = NO;
				GCC_NO_COMMON_BLOCKS = YES;
				GCC_OPTIMIZATION_LEVEL = 0;
				GCC_PREPROCESSOR_DEFINITIONS = (
					"DEBUG=1",
					"$(inherited)",
				);
				GCC_WARN_64_TO_32_BIT_CONVERSION = YES;
				GCC_WARN_ABOUT_RETURN_TYPE = YES_ERROR;
				GCC_WARN_UNDECLARED_SELECTOR = YES;
				GCC_WARN_UNINITIALIZED_AUTOS = YES_AGGRESSIVE;
				GCC_WARN_UNUSED_FUNCTION = YES;
				GCC_WARN_UNUSED_VARIABLE = YES;
				IPHONEOS_DEPLOYMENT_TARGET = 14.4;
				MTL_ENABLE_DEBUG_INFO = INCLUDE_SOURCE;
				MTL_FAST_MATH = YES;
				ONLY_ACTIVE_ARCH = YES;
				SDKROOT = iphoneos;
				SWIFT_ACTIVE_COMPILATION_CONDITIONS = DEBUG;
				SWIFT_OPTIMIZATION_LEVEL = "-Onone";
			};
			name = Debug;
		};
		5BEF99BB26093E40002F4E5D /* Release */ = {
			isa = XCBuildConfiguration;
			buildSettings = {
				ALWAYS_SEARCH_USER_PATHS = NO;
				CLANG_ANALYZER_LOCALIZABILITY_NONLOCALIZED = YES;
				CLANG_ANALYZER_NONNULL = YES;
				CLANG_ANALYZER_NUMBER_OBJECT_CONVERSION = YES_AGGRESSIVE;
				CLANG_CXX_LANGUAGE_STANDARD = "gnu++14";
				CLANG_CXX_LIBRARY = "libc++";
				CLANG_ENABLE_MODULES = YES;
				CLANG_ENABLE_OBJC_ARC = YES;
				CLANG_ENABLE_OBJC_WEAK = YES;
				CLANG_WARN_BLOCK_CAPTURE_AUTORELEASING = YES;
				CLANG_WARN_BOOL_CONVERSION = YES;
				CLANG_WARN_COMMA = YES;
				CLANG_WARN_CONSTANT_CONVERSION = YES;
				CLANG_WARN_DEPRECATED_OBJC_IMPLEMENTATIONS = YES;
				CLANG_WARN_DIRECT_OBJC_ISA_USAGE = YES_ERROR;
				CLANG_WARN_DOCUMENTATION_COMMENTS = YES;
				CLANG_WARN_EMPTY_BODY = YES;
				CLANG_WARN_ENUM_CONVERSION = YES;
				CLANG_WARN_INFINITE_RECURSION = YES;
				CLANG_WARN_INT_CONVERSION = YES;
				CLANG_WARN_NON_LITERAL_NULL_CONVERSION = YES;
				CLANG_WARN_OBJC_IMPLICIT_RETAIN_SELF = YES;
				CLANG_WARN_OBJC_LITERAL_CONVERSION = YES;
				CLANG_WARN_OBJC_ROOT_CLASS = YES_ERROR;
				CLANG_WARN_QUOTED_INCLUDE_IN_FRAMEWORK_HEADER = YES;
				CLANG_WARN_RANGE_LOOP_ANALYSIS = YES;
				CLANG_WARN_STRICT_PROTOTYPES = YES;
				CLANG_WARN_SUSPICIOUS_MOVE = YES;
				CLANG_WARN_UNGUARDED_AVAILABILITY = YES_AGGRESSIVE;
				CLANG_WARN_UNREACHABLE_CODE = YES;
				CLANG_WARN__DUPLICATE_METHOD_MATCH = YES;
				COPY_PHASE_STRIP = NO;
				DEBUG_INFORMATION_FORMAT = "dwarf-with-dsym";
				ENABLE_NS_ASSERTIONS = NO;
				ENABLE_STRICT_OBJC_MSGSEND = YES;
				GCC_C_LANGUAGE_STANDARD = gnu11;
				GCC_NO_COMMON_BLOCKS = YES;
				GCC_WARN_64_TO_32_BIT_CONVERSION = YES;
				GCC_WARN_ABOUT_RETURN_TYPE = YES_ERROR;
				GCC_WARN_UNDECLARED_SELECTOR = YES;
				GCC_WARN_UNINITIALIZED_AUTOS = YES_AGGRESSIVE;
				GCC_WARN_UNUSED_FUNCTION = YES;
				GCC_WARN_UNUSED_VARIABLE = YES;
				IPHONEOS_DEPLOYMENT_TARGET = 14.4;
				MTL_ENABLE_DEBUG_INFO = NO;
				MTL_FAST_MATH = YES;
				SDKROOT = iphoneos;
				SWIFT_COMPILATION_MODE = wholemodule;
				SWIFT_OPTIMIZATION_LEVEL = "-O";
				VALIDATE_PRODUCT = YES;
			};
			name = Release;
		};
		5BEF99BD26093E40002F4E5D /* Debug */ = {
			isa = XCBuildConfiguration;
			buildSettings = {
				ASSETCATALOG_COMPILER_APPICON_NAME = AppIcon;
				ASSETCATALOG_COMPILER_GLOBAL_ACCENT_COLOR_NAME = AccentColor;
				CODE_SIGN_STYLE = Automatic;
				DEVELOPMENT_TEAM = G625UPV6D7;
				INFOPLIST_FILE = GistApp/Resources/Info.plist;
				LD_RUNPATH_SEARCH_PATHS = (
					"$(inherited)",
					"@executable_path/Frameworks",
				);
				PRODUCT_BUNDLE_IDENTIFIER = br.com.devgrid.GistApp;
				PRODUCT_NAME = "$(TARGET_NAME)";
				SWIFT_VERSION = 5.0;
				TARGETED_DEVICE_FAMILY = "1,2";
			};
			name = Debug;
		};
		5BEF99BE26093E40002F4E5D /* Release */ = {
			isa = XCBuildConfiguration;
			buildSettings = {
				ASSETCATALOG_COMPILER_APPICON_NAME = AppIcon;
				ASSETCATALOG_COMPILER_GLOBAL_ACCENT_COLOR_NAME = AccentColor;
				CODE_SIGN_STYLE = Automatic;
				DEVELOPMENT_TEAM = G625UPV6D7;
				INFOPLIST_FILE = GistApp/Resources/Info.plist;
				LD_RUNPATH_SEARCH_PATHS = (
					"$(inherited)",
					"@executable_path/Frameworks",
				);
				PRODUCT_BUNDLE_IDENTIFIER = br.com.devgrid.GistApp;
				PRODUCT_NAME = "$(TARGET_NAME)";
				SWIFT_VERSION = 5.0;
				TARGETED_DEVICE_FAMILY = "1,2";
			};
			name = Release;
		};
/* End XCBuildConfiguration section */

/* Begin XCConfigurationList section */
		5BEF99A326093E39002F4E5D /* Build configuration list for PBXProject "GistApp" */ = {
			isa = XCConfigurationList;
			buildConfigurations = (
				5BEF99BA26093E40002F4E5D /* Debug */,
				5BEF99BB26093E40002F4E5D /* Release */,
			);
			defaultConfigurationIsVisible = 0;
			defaultConfigurationName = Release;
		};
		5BEF99BC26093E40002F4E5D /* Build configuration list for PBXNativeTarget "GistApp" */ = {
			isa = XCConfigurationList;
			buildConfigurations = (
				5BEF99BD26093E40002F4E5D /* Debug */,
				5BEF99BE26093E40002F4E5D /* Release */,
			);
			defaultConfigurationIsVisible = 0;
			defaultConfigurationName = Release;
		};
/* End XCConfigurationList section */
	};
	rootObject = 5BEF99A026093E39002F4E5D /* Project object */;
}
